{
  "name": "beast-ext",
  "version": "0.2.0",
  "lockfileVersion": 3,
  "requires": true,
  "packages": {
    "": {
      "name": "beast-ext",
      "version": "0.2.0",
      "license": "MIT",
      "devDependencies": {
        "@taplo/cli": "^0.7.0",
        "tree-sitter-cli": "^0.26.12"
      }
    },
    "node_modules/@taplo/cli": {
      "version": "0.7.0",
      "resolved": "https://registry.npmjs.org/@taplo/cli/-/cli-0.7.0.tgz",
      "integrity": "sha512-Ck3zFhQhIhi02Hl6T4ZmJsXdnJE+wXcJz5f8klxd4keRYgenMnip3JDPMGDRLbnC/2iGd8P0sBIQqI3KxfVjBg==",
      "dev": true,
      "license": "MIT",
      "bin": {
        "taplo": "dist/cli.js"
      }
    },
    "node_modules/tree-sitter-cli": {
      "version": "0.26.12",
      "resolved": "https://registry.npmjs.org/tree-sitter-cli/-/tree-sitter-cli-0.26.12.tgz",
      "integrity": "sha512-rIdMAm6nv75MVFoZ7UTaLVB1OG5h3ZSlCZEp5pne4gOUTalJIkL0A1NlYBg0oEl/d7gvIyc2Y5Jz8m5Xj+NOEw==",
      "dev": true,
      "hasInstallScript": true,
      "license": "MIT",
      "bin": {
        "tree-sitter": "cli.js"
      },
      "engines": {
        "node": ">=12.0.0"
      }
    }
  }
}
